// !$*UTF8*$!
{
	archiveVersion = 1;
	classes = {
	};
	objectVersion = 50;
	objects = {

/* Begin PBXBuildFile section */
		792825452494FBC5008ED893 /* DeviceListTableViewController.swift in Sources */ = {isa = PBXBuildFile; fileRef = 792825442494FBC5008ED893 /* DeviceListTableViewController.swift */; };
		792825472494FFB6008ED893 /* DeviceListTableViewCell.swift in Sources */ = {isa = PBXBuildFile; fileRef = 792825462494FFB6008ED893 /* DeviceListTableViewCell.swift */; };
		7999189E2498A0DB00D82D15 /* PersonListCell.swift in Sources */ = {isa = PBXBuildFile; fileRef = 7999189D2498A0DB00D82D15 /* PersonListCell.swift */; };
		799918A02498A1F800D82D15 /* PersonListViewController.swift in Sources */ = {isa = PBXBuildFile; fileRef = 7999189F2498A1F800D82D15 /* PersonListViewController.swift */; };
		79AAD94924933F7400168D17 /* Person+CoreDataClass.swift in Sources */ = {isa = PBXBuildFile; fileRef = 79AAD94524933F7400168D17 /* Person+CoreDataClass.swift */; };
		79AAD94A24933F7400168D17 /* Person+CoreDataProperties.swift in Sources */ = {isa = PBXBuildFile; fileRef = 79AAD94624933F7400168D17 /* Person+CoreDataProperties.swift */; };
		79AAD94B24933F7400168D17 /* Device+CoreDataClass.swift in Sources */ = {isa = PBXBuildFile; fileRef = 79AAD94724933F7400168D17 /* Device+CoreDataClass.swift */; };
		79AAD94C24933F7400168D17 /* Device+CoreDataProperties.swift in Sources */ = {isa = PBXBuildFile; fileRef = 79AAD94824933F7400168D17 /* Device+CoreDataProperties.swift */; };
		79D46846248FA225006F41A1 /* AppDelegate.swift in Sources */ = {isa = PBXBuildFile; fileRef = 79D46845248FA225006F41A1 /* AppDelegate.swift */; };
		79D46848248FA225006F41A1 /* SceneDelegate.swift in Sources */ = {isa = PBXBuildFile; fileRef = 79D46847248FA225006F41A1 /* SceneDelegate.swift */; };
		79D4684A248FA225006F41A1 /* HomeViewController.swift in Sources */ = {isa = PBXBuildFile; fileRef = 79D46849248FA225006F41A1 /* HomeViewController.swift */; };
		79D4684D248FA225006F41A1 /* Main.storyboard in Resources */ = {isa = PBXBuildFile; fileRef = 79D4684B248FA225006F41A1 /* Main.storyboard */; };
		79D46850248FA225006F41A1 /* CoreDataProjcet.xcdatamodeld in Sources */ = {isa = PBXBuildFile; fileRef = 79D4684E248FA225006F41A1 /* CoreDataProjcet.xcdatamodeld */; };
		79D46852248FA226006F41A1 /* Assets.xcassets in Resources */ = {isa = PBXBuildFile; fileRef = 79D46851248FA226006F41A1 /* Assets.xcassets */; };
		79D46855248FA226006F41A1 /* LaunchScreen.storyboard in Resources */ = {isa = PBXBuildFile; fileRef = 79D46853248FA226006F41A1 /* LaunchScreen.storyboard */; };
/* End PBXBuildFile section */

/* Begin PBXFileReference section */
		792825442494FBC5008ED893 /* DeviceListTableViewController.swift */ = {isa = PBXFileReference; lastKnownFileType = sourcecode.swift; path = DeviceListTableViewController.swift; sourceTree = "<group>"; };
		792825462494FFB6008ED893 /* DeviceListTableViewCell.swift */ = {isa = PBXFileReference; lastKnownFileType = sourcecode.swift; path = DeviceListTableViewCell.swift; sourceTree = "<group>"; };
		7999189D2498A0DB00D82D15 /* PersonListCell.swift */ = {isa = PBXFileReference; lastKnownFileType = sourcecode.swift; path = PersonListCell.swift; sourceTree = "<group>"; };
		7999189F2498A1F800D82D15 /* PersonListViewController.swift */ = {isa = PBXFileReference; lastKnownFileType = sourcecode.swift; path = PersonListViewController.swift; sourceTree = "<group>"; };
		79AAD94524933F7400168D17 /* Person+CoreDataClass.swift */ = {isa = PBXFileReference; lastKnownFileType = sourcecode.swift; path = "Person+CoreDataClass.swift"; sourceTree = "<group>"; };
		79AAD94624933F7400168D17 /* Person+CoreDataProperties.swift */ = {isa = PBXFileReference; lastKnownFileType = sourcecode.swift; path = "Person+CoreDataProperties.swift"; sourceTree = "<group>"; };
		79AAD94724933F7400168D17 /* Device+CoreDataClass.swift */ = {isa = PBXFileReference; lastKnownFileType = sourcecode.swift; path = "Device+CoreDataClass.swift"; sourceTree = "<group>"; };
		79AAD94824933F7400168D17 /* Device+CoreDataProperties.swift */ = {isa = PBXFileReference; lastKnownFileType = sourcecode.swift; path = "Device+CoreDataProperties.swift"; sourceTree = "<group>"; };
		79D46842248FA224006F41A1 /* CoreDataProjcet.app */ = {isa = PBXFileReference; explicitFileType = wrapper.application; includeInIndex = 0; path = CoreDataProjcet.app; sourceTree = BUILT_PRODUCTS_DIR; };
		79D46845248FA225006F41A1 /* AppDelegate.swift */ = {isa = PBXFileReference; lastKnownFileType = sourcecode.swift; path = AppDelegate.swift; sourceTree = "<group>"; };
		79D46847248FA225006F41A1 /* SceneDelegate.swift */ = {isa = PBXFileReference; lastKnownFileType = sourcecode.swift; path = SceneDelegate.swift; sourceTree = "<group>"; };
		79D46849248FA225006F41A1 /* HomeViewController.swift */ = {isa = PBXFileReference; lastKnownFileType = sourcecode.swift; path = HomeViewController.swift; sourceTree = "<group>"; };
		79D4684C248FA225006F41A1 /* Base */ = {isa = PBXFileReference; lastKnownFileType = file.storyboard; name = Base; path = Base.lproj/Main.storyboard; sourceTree = "<group>"; };
		79D4684F248FA225006F41A1 /* CoreDataProjcet.xcdatamodel */ = {isa = PBXFileReference; lastKnownFileType = wrapper.xcdatamodel; path = CoreDataProjcet.xcdatamodel; sourceTree = "<group>"; };
		79D46851248FA226006F41A1 /* Assets.xcassets */ = {isa = PBXFileReference; lastKnownFileType = folder.assetcatalog; path = Assets.xcassets; sourceTree = "<group>"; };
		79D46854248FA226006F41A1 /* Base */ = {isa = PBXFileReference; lastKnownFileType = file.storyboard; name = Base; path = Base.lproj/LaunchScreen.storyboard; sourceTree = "<group>"; };
		79D46856248FA226006F41A1 /* Info.plist */ = {isa = PBXFileReference; lastKnownFileType = text.plist.xml; path = Info.plist; sourceTree = "<group>"; };
/* End PBXFileReference section */

/* Begin PBXFrameworksBuildPhase section */
		79D4683F248FA224006F41A1 /* Frameworks */ = {
			isa = PBXFrameworksBuildPhase;
			buildActionMask = 2147483647;
			files = (
			);
			runOnlyForDeploymentPostprocessing = 0;
		};
/* End PBXFrameworksBuildPhase section */

/* Begin PBXGroup section */
		799918A12498A24900D82D15 /* View */ = {
			isa = PBXGroup;
			children = (
				79D4684B248FA225006F41A1 /* Main.storyboard */,
				79D46853248FA226006F41A1 /* LaunchScreen.storyboard */,
				792825462494FFB6008ED893 /* DeviceListTableViewCell.swift */,
				7999189D2498A0DB00D82D15 /* PersonListCell.swift */,
			);
			path = View;
			sourceTree = "<group>";
		};
		799918A22498A25A00D82D15 /* Controller */ = {
			isa = PBXGroup;
			children = (
				79D46849248FA225006F41A1 /* HomeViewController.swift */,
				792825442494FBC5008ED893 /* DeviceListTableViewController.swift */,
				7999189F2498A1F800D82D15 /* PersonListViewController.swift */,
			);
			path = Controller;
			sourceTree = "<group>";
		};
		79AAD94D24933F8400168D17 /* CoreDataModel */ = {
			isa = PBXGroup;
			children = (
				79AAD94524933F7400168D17 /* Person+CoreDataClass.swift */,
				79AAD94624933F7400168D17 /* Person+CoreDataProperties.swift */,
				79AAD94724933F7400168D17 /* Device+CoreDataClass.swift */,
				79AAD94824933F7400168D17 /* Device+CoreDataProperties.swift */,
			);
			path = CoreDataModel;
			sourceTree = "<group>";
		};
		79D46839248FA224006F41A1 = {
			isa = PBXGroup;
			children = (
				79D46844248FA224006F41A1 /* CoreDataProjcet */,
				79D46843248FA224006F41A1 /* Products */,
			);
			sourceTree = "<group>";
		};
		79D46843248FA224006F41A1 /* Products */ = {
			isa = PBXGroup;
			children = (
				79D46842248FA224006F41A1 /* CoreDataProjcet.app */,
			);
			name = Products;
			sourceTree = "<group>";
		};
		79D46844248FA224006F41A1 /* CoreDataProjcet */ = {
			isa = PBXGroup;
			children = (
				79AAD94D24933F8400168D17 /* CoreDataModel */,
				79D46845248FA225006F41A1 /* AppDelegate.swift */,
				79D46847248FA225006F41A1 /* SceneDelegate.swift */,
				799918A22498A25A00D82D15 /* Controller */,
				799918A12498A24900D82D15 /* View */,
				79D46851248FA226006F41A1 /* Assets.xcassets */,
				79D46856248FA226006F41A1 /* Info.plist */,
				79D4684E248FA225006F41A1 /* CoreDataProjcet.xcdatamodeld */,
			);
			path = CoreDataProjcet;
			sourceTree = "<group>";
		};
/* End PBXGroup section */

/* Begin PBXNativeTarget section */
		79D46841248FA224006F41A1 /* CoreDataProjcet */ = {
			isa = PBXNativeTarget;
			buildConfigurationList = 79D46859248FA226006F41A1 /* Build configuration list for PBXNativeTarget "CoreDataProjcet" */;
			buildPhases = (
				79D4683E248FA224006F41A1 /* Sources */,
				79D4683F248FA224006F41A1 /* Frameworks */,
				79D46840248FA224006F41A1 /* Resources */,
			);
			buildRules = (
			);
			dependencies = (
			);
			name = CoreDataProjcet;
			productName = CoreDataProjcet;
			productReference = 79D46842248FA224006F41A1 /* CoreDataProjcet.app */;
			productType = "com.apple.product-type.application";
		};
/* End PBXNativeTarget section */

/* Begin PBXProject section */
		79D4683A248FA224006F41A1 /* Project object */ = {
			isa = PBXProject;
			attributes = {
				LastSwiftUpdateCheck = 1130;
				LastUpgradeCheck = 1130;
				ORGANIZATIONNAME = Bhabani;
				TargetAttributes = {
					79D46841248FA224006F41A1 = {
						CreatedOnToolsVersion = 11.3.1;
					};
				};
			};
			buildConfigurationList = 79D4683D248FA224006F41A1 /* Build configuration list for PBXProject "CoreDataProjcet" */;
			compatibilityVersion = "Xcode 9.3";
			developmentRegion = en;
			hasScannedForEncodings = 0;
			knownRegions = (
				en,
				Base,
			);
			mainGroup = 79D46839248FA224006F41A1;
			productRefGroup = 79D46843248FA224006F41A1 /* Products */;
			projectDirPath = "";
			projectRoot = "";
			targets = (
				79D46841248FA224006F41A1 /* CoreDataProjcet */,
			);
		};
/* End PBXProject section */

/* Begin PBXResourcesBuildPhase section */
		79D46840248FA224006F41A1 /* Resources */ = {
			isa = PBXResourcesBuildPhase;
			buildActionMask = 2147483647;
			files = (
				79D46855248FA226006F41A1 /* LaunchScreen.storyboard in Resources */,
				79D46852248FA226006F41A1 /* Assets.xcassets in Resources */,
				79D4684D248FA225006F41A1 /* Main.storyboard in Resources */,
			);
			runOnlyForDeploymentPostprocessing = 0;
		};
/* End PBXResourcesBuildPhase section */

/* Begin PBXSourcesBuildPhase section */
		79D4683E248FA224006F41A1 /* Sources */ = {
			isa = PBXSourcesBuildPhase;
			buildActionMask = 2147483647;
			files = (
				79D4684A248FA225006F41A1 /* HomeViewController.swift in Sources */,
				792825452494FBC5008ED893 /* DeviceListTableViewController.swift in Sources */,
				79D46846248FA225006F41A1 /* AppDelegate.swift in Sources */,
				799918A02498A1F800D82D15 /* PersonListViewController.swift in Sources */,
				79AAD94A24933F7400168D17 /* Person+CoreDataProperties.swift in Sources */,
				79AAD94B24933F7400168D17 /* Device+CoreDataClass.swift in Sources */,
				792825472494FFB6008ED893 /* DeviceListTableViewCell.swift in Sources */,
				79AAD94924933F7400168D17 /* Person+CoreDataClass.swift in Sources */,
				79AAD94C24933F7400168D17 /* Device+CoreDataProperties.swift in Sources */,
				79D46850248FA225006F41A1 /* CoreDataProjcet.xcdatamodeld in Sources */,
				7999189E2498A0DB00D82D15 /* PersonListCell.swift in Sources */,
				79D46848248FA225006F41A1 /* SceneDelegate.swift in Sources */,
			);
			runOnlyForDeploymentPostprocessing = 0;
		};
/* End PBXSourcesBuildPhase section */

/* Begin PBXVariantGroup section */
		79D4684B248FA225006F41A1 /* Main.storyboard */ = {
			isa = PBXVariantGroup;
			children = (
				79D4684C248FA225006F41A1 /* Base */,
			);
			name = Main.storyboard;
			sourceTree = "<group>";
		};
		79D46853248FA226006F41A1 /* LaunchScreen.storyboard */ = {
			isa = PBXVariantGroup;
			children = (
				79D46854248FA226006F41A1 /* Base */,
			);
			name = LaunchScreen.storyboard;
			sourceTree = "<group>";
		};
/* End PBXVariantGroup section */

/* Begin XCBuildConfiguration section */
		79D46857248FA226006F41A1 /* Debug */ = {
			isa = XCBuildConfiguration;
			buildSettings = {
				ALWAYS_SEARCH_USER_PATHS = NO;
				CLANG_ANALYZER_NONNULL = YES;
				CLANG_ANALYZER_NUMBER_OBJECT_CONVERSION = YES_AGGRESSIVE;
				CLANG_CXX_LANGUAGE_STANDARD = "gnu++14";
				CLANG_CXX_LIBRARY = "libc++";
				CLANG_ENABLE_MODULES = YES;
				CLANG_ENABLE_OBJC_ARC = YES;
				CLANG_ENABLE_OBJC_WEAK = YES;
				CLANG_WARN_BLOCK_CAPTURE_AUTORELEASING = YES;
				CLANG_WARN_BOOL_CONVERSION = YES;
				CLANG_WARN_COMMA = YES;
				CLANG_WARN_CONSTANT_CONVERSION = YES;
				CLANG_WARN_DEPRECATED_OBJC_IMPLEMENTATIONS = YES;
				CLANG_WARN_DIRECT_OBJC_ISA_USAGE = YES_ERROR;
				CLANG_WARN_DOCUMENTATION_COMMENTS = YES;
				CLANG_WARN_EMPTY_BODY = YES;
				CLANG_WARN_ENUM_CONVERSION = YES;
				CLANG_WARN_INFINITE_RECURSION = YES;
				CLANG_WARN_INT_CONVERSION = YES;
				CLANG_WARN_NON_LITERAL_NULL_CONVERSION = YES;
				CLANG_WARN_OBJC_IMPLICIT_RETAIN_SELF = YES;
				CLANG_WARN_OBJC_LITERAL_CONVERSION = YES;
				CLANG_WARN_OBJC_ROOT_CLASS = YES_ERROR;
				CLANG_WARN_RANGE_LOOP_ANALYSIS = YES;
				CLANG_WARN_STRICT_PROTOTYPES = YES;
				CLANG_WARN_SUSPICIOUS_MOVE = YES;
				CLANG_WARN_UNGUARDED_AVAILABILITY = YES_AGGRESSIVE;
				CLANG_WARN_UNREACHABLE_CODE = YES;
				CLANG_WARN__DUPLICATE_METHOD_MATCH = YES;
				COPY_PHASE_STRIP = NO;
				DEBUG_INFORMATION_FORMAT = dwarf;
				ENABLE_STRICT_OBJC_MSGSEND = YES;
				ENABLE_TESTABILITY = YES;
				GCC_C_LANGUAGE_STANDARD = gnu11;
				GCC_DYNAMIC_NO_PIC = NO;
				GCC_NO_COMMON_BLOCKS = YES;
				GCC_OPTIMIZATION_LEVEL = 0;
				GCC_PREPROCESSOR_DEFINITIONS = (
					"DEBUG=1",
					"$(inherited)",
				);
				GCC_WARN_64_TO_32_BIT_CONVERSION = YES;
				GCC_WARN_ABOUT_RETURN_TYPE = YES_ERROR;
				GCC_WARN_UNDECLARED_SELECTOR = YES;
				GCC_WARN_UNINITIALIZED_AUTOS = YES_AGGRESSIVE;
				GCC_WARN_UNUSED_FUNCTION = YES;
				GCC_WARN_UNUSED_VARIABLE = YES;
				IPHONEOS_DEPLOYMENT_TARGET = 13.2;
				MTL_ENABLE_DEBUG_INFO = INCLUDE_SOURCE;
				MTL_FAST_MATH = YES;
				ONLY_ACTIVE_ARCH = YES;
				SDKROOT = iphoneos;
				SWIFT_ACTIVE_COMPILATION_CONDITIONS = DEBUG;
				SWIFT_OPTIMIZATION_LEVEL = "-Onone";
			};
			name = Debug;
		};
		79D46858248FA226006F41A1 /* Release */ = {
			isa = XCBuildConfiguration;
			buildSettings = {
				ALWAYS_SEARCH_USER_PATHS = NO;
				CLANG_ANALYZER_NONNULL = YES;
				CLANG_ANALYZER_NUMBER_OBJECT_CONVERSION = YES_AGGRESSIVE;
				CLANG_CXX_LANGUAGE_STANDARD = "gnu++14";
				CLANG_CXX_LIBRARY = "libc++";
				CLANG_ENABLE_MODULES = YES;
				CLANG_ENABLE_OBJC_ARC = YES;
				CLANG_ENABLE_OBJC_WEAK = YES;
				CLANG_WARN_BLOCK_CAPTURE_AUTORELEASING = YES;
				CLANG_WARN_BOOL_CONVERSION = YES;
				CLANG_WARN_COMMA = YES;
				CLANG_WARN_CONSTANT_CONVERSION = YES;
				CLANG_WARN_DEPRECATED_OBJC_IMPLEMENTATIONS = YES;
				CLANG_WARN_DIRECT_OBJC_ISA_USAGE = YES_ERROR;
				CLANG_WARN_DOCUMENTATION_COMMENTS = YES;
				CLANG_WARN_EMPTY_BODY = YES;
				CLANG_WARN_ENUM_CONVERSION = YES;
				CLANG_WARN_INFINITE_RECURSION = YES;
				CLANG_WARN_INT_CONVERSION = YES;
				CLANG_WARN_NON_LITERAL_NULL_CONVERSION = YES;
				CLANG_WARN_OBJC_IMPLICIT_RETAIN_SELF = YES;
				CLANG_WARN_OBJC_LITERAL_CONVERSION = YES;
				CLANG_WARN_OBJC_ROOT_CLASS = YES_ERROR;
				CLANG_WARN_RANGE_LOOP_ANALYSIS = YES;
				CLANG_WARN_STRICT_PROTOTYPES = YES;
				CLANG_WARN_SUSPICIOUS_MOVE = YES;
				CLANG_WARN_UNGUARDED_AVAILABILITY = YES_AGGRESSIVE;
				CLANG_WARN_UNREACHABLE_CODE = YES;
				CLANG_WARN__DUPLICATE_METHOD_MATCH = YES;
				COPY_PHASE_STRIP = NO;
				DEBUG_INFORMATION_FORMAT = "dwarf-with-dsym";
				ENABLE_NS_ASSERTIONS = NO;
				ENABLE_STRICT_OBJC_MSGSEND = YES;
				GCC_C_LANGUAGE_STANDARD = gnu11;
				GCC_NO_COMMON_BLOCKS = YES;
				GCC_WARN_64_TO_32_BIT_CONVERSION = YES;
				GCC_WARN_ABOUT_RETURN_TYPE = YES_ERROR;
				GCC_WARN_UNDECLARED_SELECTOR = YES;
				GCC_WARN_UNINITIALIZED_AUTOS = YES_AGGRESSIVE;
				GCC_WARN_UNUSED_FUNCTION = YES;
				GCC_WARN_UNUSED_VARIABLE = YES;
				IPHONEOS_DEPLOYMENT_TARGET = 13.2;
				MTL_ENABLE_DEBUG_INFO = NO;
				MTL_FAST_MATH = YES;
				SDKROOT = iphoneos;
				SWIFT_COMPILATION_MODE = wholemodule;
				SWIFT_OPTIMIZATION_LEVEL = "-O";
				VALIDATE_PRODUCT = YES;
			};
			name = Release;
		};
		79D4685A248FA226006F41A1 /* Debug */ = {
			isa = XCBuildConfiguration;
			buildSettings = {
				ASSETCATALOG_COMPILER_APPICON_NAME = AppIcon;
				CODE_SIGN_STYLE = Automatic;
				DEVELOPMENT_TEAM = ASQ83N75JS;
				INFOPLIST_FILE = CoreDataProjcet/Info.plist;
				LD_RUNPATH_SEARCH_PATHS = (
					"$(inherited)",
					"@executable_path/Frameworks",
				);
				PRODUCT_BUNDLE_IDENTIFIER = com.bhabani.CoreDataProjcet;
				PRODUCT_NAME = "$(TARGET_NAME)";
				SWIFT_VERSION = 5.0;
				TARGETED_DEVICE_FAMILY = "1,2";
			};
			name = Debug;
		};
		79D4685B248FA226006F41A1 /* Release */ = {
			isa = XCBuildConfiguration;
			buildSettings = {
				ASSETCATALOG_COMPILER_APPICON_NAME = AppIcon;
				CODE_SIGN_STYLE = Automatic;
				DEVELOPMENT_TEAM = ASQ83N75JS;
				INFOPLIST_FILE = CoreDataProjcet/Info.plist;
				LD_RUNPATH_SEARCH_PATHS = (
					"$(inherited)",
					"@executable_path/Frameworks",
				);
				PRODUCT_BUNDLE_IDENTIFIER = com.bhabani.CoreDataProjcet;
				PRODUCT_NAME = "$(TARGET_NAME)";
				SWIFT_VERSION = 5.0;
				TARGETED_DEVICE_FAMILY = "1,2";
			};
			name = Release;
		};
/* End XCBuildConfiguration section */

/* Begin XCConfigurationList section */
		79D4683D248FA224006F41A1 /* Build configuration list for PBXProject "CoreDataProjcet" */ = {
			isa = XCConfigurationList;
			buildConfigurations = (
				79D46857248FA226006F41A1 /* Debug */,
				79D46858248FA226006F41A1 /* Release */,
			);
			defaultConfigurationIsVisible = 0;
			defaultConfigurationName = Release;
		};
		79D46859248FA226006F41A1 /* Build configuration list for PBXNativeTarget "CoreDataProjcet" */ = {
			isa = XCConfigurationList;
			buildConfigurations = (
				79D4685A248FA226006F41A1 /* Debug */,
				79D4685B248FA226006F41A1 /* Release */,
			);
			defaultConfigurationIsVisible = 0;
			defaultConfigurationName = Release;
		};
/* End XCConfigurationList section */

/* Begin XCVersionGroup section */
		79D4684E248FA225006F41A1 /* CoreDataProjcet.xcdatamodeld */ = {
			isa = XCVersionGroup;
			children = (
				79D4684F248FA225006F41A1 /* CoreDataProjcet.xcdatamodel */,
			);
			currentVersion = 79D4684F248FA225006F41A1 /* CoreDataProjcet.xcdatamodel */;
			path = CoreDataProjcet.xcdatamodeld;
			sourceTree = "<group>";
			versionGroupType = wrapper.xcdatamodel;
		};
/* End XCVersionGroup section */
	};
	rootObject = 79D4683A248FA224006F41A1 /* Project object */;
}
